// !$*UTF8*$!
{
	archiveVersion = 1;
	classes = {
	};
	objectVersion = 55;
	objects = {

/* Begin PBXBuildFile section */
		0114CF5027837EA200285405 /* PhotoPicker.swift in Sources */ = {isa = PBXBuildFile; fileRef = 0114CF4F27837EA200285405 /* PhotoPicker.swift */; };
		0114CF5227838C4D00285405 /* LocalFileManager.swift in Sources */ = {isa = PBXBuildFile; fileRef = 0114CF5127838C4D00285405 /* LocalFileManager.swift */; };
		01490C9D2788952400655379 /* Persistance.swift in Sources */ = {isa = PBXBuildFile; fileRef = 01490C9C2788952400655379 /* Persistance.swift */; };
		01490CA7278A020B00655379 /* Intents.framework in Frameworks */ = {isa = PBXBuildFile; fileRef = 01490C72278886B200655379 /* Intents.framework */; };
		01490CAA278A020B00655379 /* IntentHandler.swift in Sources */ = {isa = PBXBuildFile; fileRef = 01490CA9278A020B00655379 /* IntentHandler.swift */; };
		01490CB1278A020B00655379 /* IntentsUI.framework in Frameworks */ = {isa = PBXBuildFile; fileRef = 01490C7D278886B200655379 /* IntentsUI.framework */; };
		01490CB4278A020B00655379 /* IntentViewController.swift in Sources */ = {isa = PBXBuildFile; fileRef = 01490CB3278A020B00655379 /* IntentViewController.swift */; };
		01490CB7278A020B00655379 /* MainInterface.storyboard in Resources */ = {isa = PBXBuildFile; fileRef = 01490CB5278A020B00655379 /* MainInterface.storyboard */; };
		01490CBB278A020B00655379 /* AddBeverageIntentUI.appex in Embed App Extensions */ = {isa = PBXBuildFile; fileRef = 01490CB0278A020B00655379 /* AddBeverageIntentUI.appex */; settings = {ATTRIBUTES = (RemoveHeadersOnCopy, ); }; };
		01490CBE278A020B00655379 /* AddBeverageIntent.appex in Embed App Extensions */ = {isa = PBXBuildFile; fileRef = 01490CA6278A020B00655379 /* AddBeverageIntent.appex */; settings = {ATTRIBUTES = (RemoveHeadersOnCopy, ); }; };
		01490CC6278A025400655379 /* Intents.intentdefinition in Sources */ = {isa = PBXBuildFile; fileRef = 01490CC5278A025400655379 /* Intents.intentdefinition */; };
		01490CC7278A025400655379 /* Intents.intentdefinition in Sources */ = {isa = PBXBuildFile; fileRef = 01490CC5278A025400655379 /* Intents.intentdefinition */; };
		01490CC8278A025400655379 /* Intents.intentdefinition in Sources */ = {isa = PBXBuildFile; fileRef = 01490CC5278A025400655379 /* Intents.intentdefinition */; };
		01490CCA278A03EE00655379 /* IntentHandler.swift in Sources */ = {isa = PBXBuildFile; fileRef = 01490CA9278A020B00655379 /* IntentHandler.swift */; };
		01490CCB278A03EE00655379 /* IntentHandler.swift in Sources */ = {isa = PBXBuildFile; fileRef = 01490CA9278A020B00655379 /* IntentHandler.swift */; };
		01490CCC278A040A00655379 /* Persistance.swift in Sources */ = {isa = PBXBuildFile; fileRef = 01490C9C2788952400655379 /* Persistance.swift */; };
		01490CCD278A040B00655379 /* Persistance.swift in Sources */ = {isa = PBXBuildFile; fileRef = 01490C9C2788952400655379 /* Persistance.swift */; };
		01490CCE278A040D00655379 /* MockBeverage.swift in Sources */ = {isa = PBXBuildFile; fileRef = 01F8172B277AA46300EEA69F /* MockBeverage.swift */; };
		01490CCF278A040E00655379 /* MockBeverage.swift in Sources */ = {isa = PBXBuildFile; fileRef = 01F8172B277AA46300EEA69F /* MockBeverage.swift */; };
		01490CD0278A041100655379 /* Beverages.xcdatamodeld in Sources */ = {isa = PBXBuildFile; fileRef = 01982E56277B41640065A9D6 /* Beverages.xcdatamodeld */; };
		01490CD1278A041100655379 /* Beverages.xcdatamodeld in Sources */ = {isa = PBXBuildFile; fileRef = 01982E56277B41640065A9D6 /* Beverages.xcdatamodeld */; };
		01490CD2278A12D800655379 /* TodayView.swift in Sources */ = {isa = PBXBuildFile; fileRef = 018116DE277A9F9C0090BF7F /* TodayView.swift */; };
		01490CD3278A12D800655379 /* TodayViewModel.swift in Sources */ = {isa = PBXBuildFile; fileRef = 01982E54277B40350065A9D6 /* TodayViewModel.swift */; };
		01490CD4278A12D900655379 /* TodayView.swift in Sources */ = {isa = PBXBuildFile; fileRef = 018116DE277A9F9C0090BF7F /* TodayView.swift */; };
		01490CD5278A12D900655379 /* TodayViewModel.swift in Sources */ = {isa = PBXBuildFile; fileRef = 01982E54277B40350065A9D6 /* TodayViewModel.swift */; };
		01490CD6278A12DF00655379 /* AddBeverageView.swift in Sources */ = {isa = PBXBuildFile; fileRef = 01F8172D277AA50700EEA69F /* AddBeverageView.swift */; };
		01490CD7278A12DF00655379 /* AddBeverageView.swift in Sources */ = {isa = PBXBuildFile; fileRef = 01F8172D277AA50700EEA69F /* AddBeverageView.swift */; };
		01490CD8278A12E400655379 /* HealthStore.swift in Sources */ = {isa = PBXBuildFile; fileRef = 01E1BDA5277DEAB10021B950 /* HealthStore.swift */; };
		01490CD9278A12E400655379 /* HealthStore.swift in Sources */ = {isa = PBXBuildFile; fileRef = 01E1BDA5277DEAB10021B950 /* HealthStore.swift */; };
		01490CDA278A12E700655379 /* LocalFileManager.swift in Sources */ = {isa = PBXBuildFile; fileRef = 0114CF5127838C4D00285405 /* LocalFileManager.swift */; };
		01490CDB278A12E800655379 /* LocalFileManager.swift in Sources */ = {isa = PBXBuildFile; fileRef = 0114CF5127838C4D00285405 /* LocalFileManager.swift */; };
		01490CDC278A131300655379 /* UserSettings.swift in Sources */ = {isa = PBXBuildFile; fileRef = 01E1BD9C277CBE470021B950 /* UserSettings.swift */; };
		01490CDD278A131400655379 /* UserSettings.swift in Sources */ = {isa = PBXBuildFile; fileRef = 01E1BD9C277CBE470021B950 /* UserSettings.swift */; };
		01490CDE278A147100655379 /* Intents.framework in Frameworks */ = {isa = PBXBuildFile; fileRef = 01490C72278886B200655379 /* Intents.framework */; };
		01490CDF278A147300655379 /* Intents.framework in Frameworks */ = {isa = PBXBuildFile; fileRef = 01490C72278886B200655379 /* Intents.framework */; };
		01490CE0278A147600655379 /* IntentsUI.framework in Frameworks */ = {isa = PBXBuildFile; fileRef = 01490C7D278886B200655379 /* IntentsUI.framework */; };
		01490CE1278A147600655379 /* IntentsUI.framework in Frameworks */ = {isa = PBXBuildFile; fileRef = 01490C7D278886B200655379 /* IntentsUI.framework */; };
		01490CE2278A147900655379 /* HealthKit.framework in Frameworks */ = {isa = PBXBuildFile; fileRef = 01E1BDA3277DE8C20021B950 /* HealthKit.framework */; };
		01490CE3278A147900655379 /* HealthKit.framework in Frameworks */ = {isa = PBXBuildFile; fileRef = 01E1BDA3277DE8C20021B950 /* HealthKit.framework */; };
		018116CF277A9EB10090BF7F /* HiBoozeApp.swift in Sources */ = {isa = PBXBuildFile; fileRef = 018116CE277A9EB10090BF7F /* HiBoozeApp.swift */; };
		018116D3277A9EB30090BF7F /* Assets.xcassets in Resources */ = {isa = PBXBuildFile; fileRef = 018116D2277A9EB30090BF7F /* Assets.xcassets */; };
		018116D6277A9EB30090BF7F /* Preview Assets.xcassets in Resources */ = {isa = PBXBuildFile; fileRef = 018116D5277A9EB30090BF7F /* Preview Assets.xcassets */; };
		018116DD277A9F840090BF7F /* HBTabView.swift in Sources */ = {isa = PBXBuildFile; fileRef = 018116DC277A9F840090BF7F /* HBTabView.swift */; };
		018116DF277A9F9C0090BF7F /* TodayView.swift in Sources */ = {isa = PBXBuildFile; fileRef = 018116DE277A9F9C0090BF7F /* TodayView.swift */; };
		018C03042791DBE5006E46DA /* URL+Ext.swift in Sources */ = {isa = PBXBuildFile; fileRef = 018C03032791DBE5006E46DA /* URL+Ext.swift */; };
		018C03052791DBE5006E46DA /* URL+Ext.swift in Sources */ = {isa = PBXBuildFile; fileRef = 018C03032791DBE5006E46DA /* URL+Ext.swift */; };
		018C03062791DBE5006E46DA /* URL+Ext.swift in Sources */ = {isa = PBXBuildFile; fileRef = 018C03032791DBE5006E46DA /* URL+Ext.swift */; };
		018C03082791E0B0006E46DA /* ProgressBar.swift in Sources */ = {isa = PBXBuildFile; fileRef = 018C03072791E0B0006E46DA /* ProgressBar.swift */; };
		018C03092791E0B0006E46DA /* ProgressBar.swift in Sources */ = {isa = PBXBuildFile; fileRef = 018C03072791E0B0006E46DA /* ProgressBar.swift */; };
		018C030A2791E0B0006E46DA /* ProgressBar.swift in Sources */ = {isa = PBXBuildFile; fileRef = 018C03072791E0B0006E46DA /* ProgressBar.swift */; };
		01982E55277B40350065A9D6 /* TodayViewModel.swift in Sources */ = {isa = PBXBuildFile; fileRef = 01982E54277B40350065A9D6 /* TodayViewModel.swift */; };
		01982E58277B41640065A9D6 /* Beverages.xcdatamodeld in Sources */ = {isa = PBXBuildFile; fileRef = 01982E56277B41640065A9D6 /* Beverages.xcdatamodeld */; };
		01C698282784CE87005A2E15 /* ProfileViewModel.swift in Sources */ = {isa = PBXBuildFile; fileRef = 01C698272784CE87005A2E15 /* ProfileViewModel.swift */; };
		01E1BD9D277CBE470021B950 /* UserSettings.swift in Sources */ = {isa = PBXBuildFile; fileRef = 01E1BD9C277CBE470021B950 /* UserSettings.swift */; };
		01E1BDA4277DE8C20021B950 /* HealthKit.framework in Frameworks */ = {isa = PBXBuildFile; fileRef = 01E1BDA3277DE8C20021B950 /* HealthKit.framework */; };
		01E1BDA6277DEAB10021B950 /* HealthStore.swift in Sources */ = {isa = PBXBuildFile; fileRef = 01E1BDA5277DEAB10021B950 /* HealthStore.swift */; };
		01E1BDA8277DF2B50021B950 /* Date+Ext.swift in Sources */ = {isa = PBXBuildFile; fileRef = 01E1BDA7277DF2B50021B950 /* Date+Ext.swift */; };
		01F8172A277AA16700EEA69F /* ProfileView.swift in Sources */ = {isa = PBXBuildFile; fileRef = 01F81729277AA16700EEA69F /* ProfileView.swift */; };
		01F8172C277AA46300EEA69F /* MockBeverage.swift in Sources */ = {isa = PBXBuildFile; fileRef = 01F8172B277AA46300EEA69F /* MockBeverage.swift */; };
		01F8172E277AA50700EEA69F /* AddBeverageView.swift in Sources */ = {isa = PBXBuildFile; fileRef = 01F8172D277AA50700EEA69F /* AddBeverageView.swift */; };
/* End PBXBuildFile section */

/* Begin PBXContainerItemProxy section */
		01490CB9278A020B00655379 /* PBXContainerItemProxy */ = {
			isa = PBXContainerItemProxy;
			containerPortal = 018116C3277A9EB10090BF7F /* Project object */;
			proxyType = 1;
			remoteGlobalIDString = 01490CAF278A020B00655379;
			remoteInfo = AddBeverageIntentUI;
		};
		01490CBC278A020B00655379 /* PBXContainerItemProxy */ = {
			isa = PBXContainerItemProxy;
			containerPortal = 018116C3277A9EB10090BF7F /* Project object */;
			proxyType = 1;
			remoteGlobalIDString = 01490CA5278A020B00655379;
			remoteInfo = AddBeverageIntent;
		};
/* End PBXContainerItemProxy section */

/* Begin PBXCopyFilesBuildPhase section */
		01490C8C278886B200655379 /* Embed App Extensions */ = {
			isa = PBXCopyFilesBuildPhase;
			buildActionMask = 2147483647;
			dstPath = "";
			dstSubfolderSpec = 13;
			files = (
				01490CBB278A020B00655379 /* AddBeverageIntentUI.appex in Embed App Extensions */,
				01490CBE278A020B00655379 /* AddBeverageIntent.appex in Embed App Extensions */,
			);
			name = "Embed App Extensions";
			runOnlyForDeploymentPostprocessing = 0;
		};
/* End PBXCopyFilesBuildPhase section */

/* Begin PBXFileReference section */
		0114CF4F27837EA200285405 /* PhotoPicker.swift */ = {isa = PBXFileReference; lastKnownFileType = sourcecode.swift; path = PhotoPicker.swift; sourceTree = "<group>"; };
		0114CF5127838C4D00285405 /* LocalFileManager.swift */ = {isa = PBXFileReference; lastKnownFileType = sourcecode.swift; path = LocalFileManager.swift; sourceTree = "<group>"; };
		01490C72278886B200655379 /* Intents.framework */ = {isa = PBXFileReference; lastKnownFileType = wrapper.framework; name = Intents.framework; path = System/Library/Frameworks/Intents.framework; sourceTree = SDKROOT; };
		01490C7D278886B200655379 /* IntentsUI.framework */ = {isa = PBXFileReference; lastKnownFileType = wrapper.framework; name = IntentsUI.framework; path = System/Library/Frameworks/IntentsUI.framework; sourceTree = SDKROOT; };
		01490C9C2788952400655379 /* Persistance.swift */ = {isa = PBXFileReference; lastKnownFileType = sourcecode.swift; path = Persistance.swift; sourceTree = "<group>"; };
		01490CA6278A020B00655379 /* AddBeverageIntent.appex */ = {isa = PBXFileReference; explicitFileType = "wrapper.app-extension"; includeInIndex = 0; path = AddBeverageIntent.appex; sourceTree = BUILT_PRODUCTS_DIR; };
		01490CA9278A020B00655379 /* IntentHandler.swift */ = {isa = PBXFileReference; lastKnownFileType = sourcecode.swift; path = IntentHandler.swift; sourceTree = "<group>"; };
		01490CAB278A020B00655379 /* Info.plist */ = {isa = PBXFileReference; lastKnownFileType = text.plist.xml; path = Info.plist; sourceTree = "<group>"; };
		01490CB0278A020B00655379 /* AddBeverageIntentUI.appex */ = {isa = PBXFileReference; explicitFileType = "wrapper.app-extension"; includeInIndex = 0; path = AddBeverageIntentUI.appex; sourceTree = BUILT_PRODUCTS_DIR; };
		01490CB3278A020B00655379 /* IntentViewController.swift */ = {isa = PBXFileReference; lastKnownFileType = sourcecode.swift; path = IntentViewController.swift; sourceTree = "<group>"; };
		01490CB6278A020B00655379 /* Base */ = {isa = PBXFileReference; lastKnownFileType = file.storyboard; name = Base; path = Base.lproj/MainInterface.storyboard; sourceTree = "<group>"; };
		01490CB8278A020B00655379 /* Info.plist */ = {isa = PBXFileReference; lastKnownFileType = text.plist.xml; path = Info.plist; sourceTree = "<group>"; };
		01490CC5278A025400655379 /* Intents.intentdefinition */ = {isa = PBXFileReference; lastKnownFileType = file.intentdefinition; path = Intents.intentdefinition; sourceTree = "<group>"; };
		01490CC9278A026B00655379 /* AddBeverageIntent.entitlements */ = {isa = PBXFileReference; lastKnownFileType = text.plist.entitlements; path = AddBeverageIntent.entitlements; sourceTree = "<group>"; };
		018116CB277A9EB10090BF7F /* HiBooze.app */ = {isa = PBXFileReference; explicitFileType = wrapper.application; includeInIndex = 0; path = HiBooze.app; sourceTree = BUILT_PRODUCTS_DIR; };
		018116CE277A9EB10090BF7F /* HiBoozeApp.swift */ = {isa = PBXFileReference; lastKnownFileType = sourcecode.swift; path = HiBoozeApp.swift; sourceTree = "<group>"; };
		018116D2277A9EB30090BF7F /* Assets.xcassets */ = {isa = PBXFileReference; lastKnownFileType = folder.assetcatalog; path = Assets.xcassets; sourceTree = "<group>"; };
		018116D5277A9EB30090BF7F /* Preview Assets.xcassets */ = {isa = PBXFileReference; lastKnownFileType = folder.assetcatalog; path = "Preview Assets.xcassets"; sourceTree = "<group>"; };
		018116DC277A9F840090BF7F /* HBTabView.swift */ = {isa = PBXFileReference; lastKnownFileType = sourcecode.swift; path = HBTabView.swift; sourceTree = "<group>"; };
		018116DE277A9F9C0090BF7F /* TodayView.swift */ = {isa = PBXFileReference; lastKnownFileType = sourcecode.swift; path = TodayView.swift; sourceTree = "<group>"; };
		018C03032791DBE5006E46DA /* URL+Ext.swift */ = {isa = PBXFileReference; lastKnownFileType = sourcecode.swift; path = "URL+Ext.swift"; sourceTree = "<group>"; };
		018C03072791E0B0006E46DA /* ProgressBar.swift */ = {isa = PBXFileReference; lastKnownFileType = sourcecode.swift; path = ProgressBar.swift; sourceTree = "<group>"; };
		01982E54277B40350065A9D6 /* TodayViewModel.swift */ = {isa = PBXFileReference; lastKnownFileType = sourcecode.swift; path = TodayViewModel.swift; sourceTree = "<group>"; };
		01982E57277B41640065A9D6 /* Beverages.xcdatamodel */ = {isa = PBXFileReference; lastKnownFileType = wrapper.xcdatamodel; path = Beverages.xcdatamodel; sourceTree = "<group>"; };
		01C698272784CE87005A2E15 /* ProfileViewModel.swift */ = {isa = PBXFileReference; lastKnownFileType = sourcecode.swift; path = ProfileViewModel.swift; sourceTree = "<group>"; };
		01C6982C27866739005A2E15 /* Info.plist */ = {isa = PBXFileReference; lastKnownFileType = text.plist; path = Info.plist; sourceTree = "<group>"; };
		01E1BD9C277CBE470021B950 /* UserSettings.swift */ = {isa = PBXFileReference; lastKnownFileType = sourcecode.swift; path = UserSettings.swift; sourceTree = "<group>"; };
		01E1BDA1277DE8C20021B950 /* HiBooze.entitlements */ = {isa = PBXFileReference; lastKnownFileType = text.plist.entitlements; path = HiBooze.entitlements; sourceTree = "<group>"; };
		01E1BDA3277DE8C20021B950 /* HealthKit.framework */ = {isa = PBXFileReference; lastKnownFileType = wrapper.framework; name = HealthKit.framework; path = System/Library/Frameworks/HealthKit.framework; sourceTree = SDKROOT; };
		01E1BDA5277DEAB10021B950 /* HealthStore.swift */ = {isa = PBXFileReference; lastKnownFileType = sourcecode.swift; path = HealthStore.swift; sourceTree = "<group>"; };
		01E1BDA7277DF2B50021B950 /* Date+Ext.swift */ = {isa = PBXFileReference; lastKnownFileType = sourcecode.swift; path = "Date+Ext.swift"; sourceTree = "<group>"; };
		01F81729277AA16700EEA69F /* ProfileView.swift */ = {isa = PBXFileReference; lastKnownFileType = sourcecode.swift; path = ProfileView.swift; sourceTree = "<group>"; };
		01F8172B277AA46300EEA69F /* MockBeverage.swift */ = {isa = PBXFileReference; lastKnownFileType = sourcecode.swift; path = MockBeverage.swift; sourceTree = "<group>"; };
		01F8172D277AA50700EEA69F /* AddBeverageView.swift */ = {isa = PBXFileReference; lastKnownFileType = sourcecode.swift; path = AddBeverageView.swift; sourceTree = "<group>"; };
/* End PBXFileReference section */

/* Begin PBXFrameworksBuildPhase section */
		01490CA3278A020B00655379 /* Frameworks */ = {
			isa = PBXFrameworksBuildPhase;
			buildActionMask = 2147483647;
			files = (
				01490CE2278A147900655379 /* HealthKit.framework in Frameworks */,
				01490CE0278A147600655379 /* IntentsUI.framework in Frameworks */,
				01490CA7278A020B00655379 /* Intents.framework in Frameworks */,
			);
			runOnlyForDeploymentPostprocessing = 0;
		};
		01490CAD278A020B00655379 /* Frameworks */ = {
			isa = PBXFrameworksBuildPhase;
			buildActionMask = 2147483647;
			files = (
				01490CE3278A147900655379 /* HealthKit.framework in Frameworks */,
				01490CDF278A147300655379 /* Intents.framework in Frameworks */,
				01490CB1278A020B00655379 /* IntentsUI.framework in Frameworks */,
			);
			runOnlyForDeploymentPostprocessing = 0;
		};
		018116C8277A9EB10090BF7F /* Frameworks */ = {
			isa = PBXFrameworksBuildPhase;
			buildActionMask = 2147483647;
			files = (
				01490CDE278A147100655379 /* Intents.framework in Frameworks */,
				01E1BDA4277DE8C20021B950 /* HealthKit.framework in Frameworks */,
				01490CE1278A147600655379 /* IntentsUI.framework in Frameworks */,
			);
			runOnlyForDeploymentPostprocessing = 0;
		};
/* End PBXFrameworksBuildPhase section */

/* Begin PBXGroup section */
		01490CA8278A020B00655379 /* AddBeverageIntent */ = {
			isa = PBXGroup;
			children = (
				01490CC9278A026B00655379 /* AddBeverageIntent.entitlements */,
				01490CA9278A020B00655379 /* IntentHandler.swift */,
				01490CAB278A020B00655379 /* Info.plist */,
			);
			path = AddBeverageIntent;
			sourceTree = "<group>";
		};
		01490CB2278A020B00655379 /* AddBeverageIntentUI */ = {
			isa = PBXGroup;
			children = (
				01490CB3278A020B00655379 /* IntentViewController.swift */,
				01490CB5278A020B00655379 /* MainInterface.storyboard */,
				01490CB8278A020B00655379 /* Info.plist */,
			);
			path = AddBeverageIntentUI;
			sourceTree = "<group>";
		};
		018116C2277A9EB10090BF7F = {
			isa = PBXGroup;
			children = (
				018116CD277A9EB10090BF7F /* HiBooze */,
				01490CA8278A020B00655379 /* AddBeverageIntent */,
				01490CB2278A020B00655379 /* AddBeverageIntentUI */,
				018116CC277A9EB10090BF7F /* Products */,
				01E1BDA2277DE8C20021B950 /* Frameworks */,
			);
			sourceTree = "<group>";
		};
		018116CC277A9EB10090BF7F /* Products */ = {
			isa = PBXGroup;
			children = (
				018116CB277A9EB10090BF7F /* HiBooze.app */,
				01490CA6278A020B00655379 /* AddBeverageIntent.appex */,
				01490CB0278A020B00655379 /* AddBeverageIntentUI.appex */,
			);
			name = Products;
			sourceTree = "<group>";
		};
		018116CD277A9EB10090BF7F /* HiBooze */ = {
			isa = PBXGroup;
			children = (
				01C6982C27866739005A2E15 /* Info.plist */,
				01E1BDA1277DE8C20021B950 /* HiBooze.entitlements */,
				018116CE277A9EB10090BF7F /* HiBoozeApp.swift */,
				01490CC5278A025400655379 /* Intents.intentdefinition */,
				01C698292784D367005A2E15 /* Utilities */,
				01982E51277B40050065A9D6 /* Views */,
				01982E52277B40150065A9D6 /* Model */,
				018116D2277A9EB30090BF7F /* Assets.xcassets */,
				018116D4277A9EB30090BF7F /* Preview Content */,
			);
			path = HiBooze;
			sourceTree = "<group>";
		};
		018116D4277A9EB30090BF7F /* Preview Content */ = {
			isa = PBXGroup;
			children = (
				018116D5277A9EB30090BF7F /* Preview Assets.xcassets */,
			);
			path = "Preview Content";
			sourceTree = "<group>";
		};
		018C03022791DBC8006E46DA /* Extensions */ = {
			isa = PBXGroup;
			children = (
				01E1BDA7277DF2B50021B950 /* Date+Ext.swift */,
				018C03032791DBE5006E46DA /* URL+Ext.swift */,
			);
			path = Extensions;
			sourceTree = "<group>";
		};
		01982E51277B40050065A9D6 /* Views */ = {
			isa = PBXGroup;
			children = (
				018116DC277A9F840090BF7F /* HBTabView.swift */,
				01982E53277B401F0065A9D6 /* TodayView */,
				01C698262784CE52005A2E15 /* ProfileView */,
				01F8172D277AA50700EEA69F /* AddBeverageView.swift */,
				0114CF4F27837EA200285405 /* PhotoPicker.swift */,
				01E1BD9E277CC1360021B950 /* ViewComponents */,
			);
			path = Views;
			sourceTree = "<group>";
		};
		01982E52277B40150065A9D6 /* Model */ = {
			isa = PBXGroup;
			children = (
				01490C9C2788952400655379 /* Persistance.swift */,
				01F8172B277AA46300EEA69F /* MockBeverage.swift */,
				01982E56277B41640065A9D6 /* Beverages.xcdatamodeld */,
			);
			path = Model;
			sourceTree = "<group>";
		};
		01982E53277B401F0065A9D6 /* TodayView */ = {
			isa = PBXGroup;
			children = (
				018116DE277A9F9C0090BF7F /* TodayView.swift */,
				01982E54277B40350065A9D6 /* TodayViewModel.swift */,
			);
			path = TodayView;
			sourceTree = "<group>";
		};
		01C698262784CE52005A2E15 /* ProfileView */ = {
			isa = PBXGroup;
			children = (
				01F81729277AA16700EEA69F /* ProfileView.swift */,
				01C698272784CE87005A2E15 /* ProfileViewModel.swift */,
			);
			path = ProfileView;
			sourceTree = "<group>";
		};
		01C698292784D367005A2E15 /* Utilities */ = {
			isa = PBXGroup;
			children = (
				018C03022791DBC8006E46DA /* Extensions */,
				01E1BD9C277CBE470021B950 /* UserSettings.swift */,
				01E1BDA5277DEAB10021B950 /* HealthStore.swift */,
				0114CF5127838C4D00285405 /* LocalFileManager.swift */,
			);
			path = Utilities;
			sourceTree = "<group>";
		};
		01E1BD9E277CC1360021B950 /* ViewComponents */ = {
			isa = PBXGroup;
			children = (
				018C03072791E0B0006E46DA /* ProgressBar.swift */,
			);
			path = ViewComponents;
			sourceTree = "<group>";
		};
		01E1BDA2277DE8C20021B950 /* Frameworks */ = {
			isa = PBXGroup;
			children = (
				01E1BDA3277DE8C20021B950 /* HealthKit.framework */,
				01490C72278886B200655379 /* Intents.framework */,
				01490C7D278886B200655379 /* IntentsUI.framework */,
			);
			name = Frameworks;
			sourceTree = "<group>";
		};
/* End PBXGroup section */

/* Begin PBXNativeTarget section */
		01490CA5278A020B00655379 /* AddBeverageIntent */ = {
			isa = PBXNativeTarget;
			buildConfigurationList = 01490CC4278A020B00655379 /* Build configuration list for PBXNativeTarget "AddBeverageIntent" */;
			buildPhases = (
				01490CA2278A020B00655379 /* Sources */,
				01490CA3278A020B00655379 /* Frameworks */,
				01490CA4278A020B00655379 /* Resources */,
			);
			buildRules = (
			);
			dependencies = (
			);
			name = AddBeverageIntent;
			productName = AddBeverageIntent;
			productReference = 01490CA6278A020B00655379 /* AddBeverageIntent.appex */;
			productType = "com.apple.product-type.app-extension";
		};
		01490CAF278A020B00655379 /* AddBeverageIntentUI */ = {
			isa = PBXNativeTarget;
			buildConfigurationList = 01490CC3278A020B00655379 /* Build configuration list for PBXNativeTarget "AddBeverageIntentUI" */;
			buildPhases = (
				01490CAC278A020B00655379 /* Sources */,
				01490CAD278A020B00655379 /* Frameworks */,
				01490CAE278A020B00655379 /* Resources */,
			);
			buildRules = (
			);
			dependencies = (
			);
			name = AddBeverageIntentUI;
			productName = AddBeverageIntentUI;
			productReference = 01490CB0278A020B00655379 /* AddBeverageIntentUI.appex */;
			productType = "com.apple.product-type.app-extension";
		};
		018116CA277A9EB10090BF7F /* HiBooze */ = {
			isa = PBXNativeTarget;
			buildConfigurationList = 018116D9277A9EB30090BF7F /* Build configuration list for PBXNativeTarget "HiBooze" */;
			buildPhases = (
				018116C7277A9EB10090BF7F /* Sources */,
				018116C8277A9EB10090BF7F /* Frameworks */,
				018116C9277A9EB10090BF7F /* Resources */,
				01490C8C278886B200655379 /* Embed App Extensions */,
			);
			buildRules = (
			);
			dependencies = (
				01490CBA278A020B00655379 /* PBXTargetDependency */,
				01490CBD278A020B00655379 /* PBXTargetDependency */,
			);
			name = HiBooze;
			productName = HiBooze;
			productReference = 018116CB277A9EB10090BF7F /* HiBooze.app */;
			productType = "com.apple.product-type.application";
		};
/* End PBXNativeTarget section */

/* Begin PBXProject section */
		018116C3277A9EB10090BF7F /* Project object */ = {
			isa = PBXProject;
			attributes = {
				BuildIndependentTargetsInParallel = 1;
				LastSwiftUpdateCheck = 1320;
				LastUpgradeCheck = 1320;
				TargetAttributes = {
					01490CA5278A020B00655379 = {
						CreatedOnToolsVersion = 13.2.1;
					};
					01490CAF278A020B00655379 = {
						CreatedOnToolsVersion = 13.2.1;
					};
					018116CA277A9EB10090BF7F = {
						CreatedOnToolsVersion = 13.2.1;
					};
				};
			};
			buildConfigurationList = 018116C6277A9EB10090BF7F /* Build configuration list for PBXProject "HiBooze" */;
			compatibilityVersion = "Xcode 13.0";
			developmentRegion = en;
			hasScannedForEncodings = 0;
			knownRegions = (
				en,
				Base,
			);
			mainGroup = 018116C2277A9EB10090BF7F;
			productRefGroup = 018116CC277A9EB10090BF7F /* Products */;
			projectDirPath = "";
			projectRoot = "";
			targets = (
				018116CA277A9EB10090BF7F /* HiBooze */,
				01490CA5278A020B00655379 /* AddBeverageIntent */,
				01490CAF278A020B00655379 /* AddBeverageIntentUI */,
			);
		};
/* End PBXProject section */

/* Begin PBXResourcesBuildPhase section */
		01490CA4278A020B00655379 /* Resources */ = {
			isa = PBXResourcesBuildPhase;
			buildActionMask = 2147483647;
			files = (
			);
			runOnlyForDeploymentPostprocessing = 0;
		};
		01490CAE278A020B00655379 /* Resources */ = {
			isa = PBXResourcesBuildPhase;
			buildActionMask = 2147483647;
			files = (
				01490CB7278A020B00655379 /* MainInterface.storyboard in Resources */,
			);
			runOnlyForDeploymentPostprocessing = 0;
		};
		018116C9277A9EB10090BF7F /* Resources */ = {
			isa = PBXResourcesBuildPhase;
			buildActionMask = 2147483647;
			files = (
				018116D6277A9EB30090BF7F /* Preview Assets.xcassets in Resources */,
				018116D3277A9EB30090BF7F /* Assets.xcassets in Resources */,
			);
			runOnlyForDeploymentPostprocessing = 0;
		};
/* End PBXResourcesBuildPhase section */

/* Begin PBXSourcesBuildPhase section */
		01490CA2278A020B00655379 /* Sources */ = {
			isa = PBXSourcesBuildPhase;
			buildActionMask = 2147483647;
			files = (
				01490CCE278A040D00655379 /* MockBeverage.swift in Sources */,
				018C03052791DBE5006E46DA /* URL+Ext.swift in Sources */,
				01490CD3278A12D800655379 /* TodayViewModel.swift in Sources */,
				01490CC7278A025400655379 /* Intents.intentdefinition in Sources */,
				01490CAA278A020B00655379 /* IntentHandler.swift in Sources */,
				01490CCC278A040A00655379 /* Persistance.swift in Sources */,
				01490CD6278A12DF00655379 /* AddBeverageView.swift in Sources */,
				01490CD2278A12D800655379 /* TodayView.swift in Sources */,
				01490CDA278A12E700655379 /* LocalFileManager.swift in Sources */,
				01490CD8278A12E400655379 /* HealthStore.swift in Sources */,
				018C03092791E0B0006E46DA /* ProgressBar.swift in Sources */,
				01490CD0278A041100655379 /* Beverages.xcdatamodeld in Sources */,
				01490CDC278A131300655379 /* UserSettings.swift in Sources */,
			);
			runOnlyForDeploymentPostprocessing = 0;
		};
		01490CAC278A020B00655379 /* Sources */ = {
			isa = PBXSourcesBuildPhase;
			buildActionMask = 2147483647;
			files = (
				01490CC8278A025400655379 /* Intents.intentdefinition in Sources */,
				01490CDD278A131400655379 /* UserSettings.swift in Sources */,
				01490CDB278A12E800655379 /* LocalFileManager.swift in Sources */,
				01490CD9278A12E400655379 /* HealthStore.swift in Sources */,
				01490CCD278A040B00655379 /* Persistance.swift in Sources */,
				01490CD1278A041100655379 /* Beverages.xcdatamodeld in Sources */,
				018C030A2791E0B0006E46DA /* ProgressBar.swift in Sources */,
				01490CD7278A12DF00655379 /* AddBeverageView.swift in Sources */,
				01490CD4278A12D900655379 /* TodayView.swift in Sources */,
				01490CD5278A12D900655379 /* TodayViewModel.swift in Sources */,
				018C03062791DBE5006E46DA /* URL+Ext.swift in Sources */,
				01490CCF278A040E00655379 /* MockBeverage.swift in Sources */,
				01490CCB278A03EE00655379 /* IntentHandler.swift in Sources */,
				01490CB4278A020B00655379 /* IntentViewController.swift in Sources */,
			);
			runOnlyForDeploymentPostprocessing = 0;
		};
		018116C7277A9EB10090BF7F /* Sources */ = {
			isa = PBXSourcesBuildPhase;
			buildActionMask = 2147483647;
			files = (
				01F8172C277AA46300EEA69F /* MockBeverage.swift in Sources */,
				018C03082791E0B0006E46DA /* ProgressBar.swift in Sources */,
				0114CF5227838C4D00285405 /* LocalFileManager.swift in Sources */,
				01E1BDA6277DEAB10021B950 /* HealthStore.swift in Sources */,
				01982E55277B40350065A9D6 /* TodayViewModel.swift in Sources */,
				01982E58277B41640065A9D6 /* Beverages.xcdatamodeld in Sources */,
				01F8172A277AA16700EEA69F /* ProfileView.swift in Sources */,
				01490CC6278A025400655379 /* Intents.intentdefinition in Sources */,
				018C03042791DBE5006E46DA /* URL+Ext.swift in Sources */,
				01490C9D2788952400655379 /* Persistance.swift in Sources */,
				01E1BD9D277CBE470021B950 /* UserSettings.swift in Sources */,
				01E1BDA8277DF2B50021B950 /* Date+Ext.swift in Sources */,
				018116DD277A9F840090BF7F /* HBTabView.swift in Sources */,
				01C698282784CE87005A2E15 /* ProfileViewModel.swift in Sources */,
				0114CF5027837EA200285405 /* PhotoPicker.swift in Sources */,
				01F8172E277AA50700EEA69F /* AddBeverageView.swift in Sources */,
				018116DF277A9F9C0090BF7F /* TodayView.swift in Sources */,
				01490CCA278A03EE00655379 /* IntentHandler.swift in Sources */,
				018116CF277A9EB10090BF7F /* HiBoozeApp.swift in Sources */,
			);
			runOnlyForDeploymentPostprocessing = 0;
		};
/* End PBXSourcesBuildPhase section */

/* Begin PBXTargetDependency section */
		01490CBA278A020B00655379 /* PBXTargetDependency */ = {
			isa = PBXTargetDependency;
			target = 01490CAF278A020B00655379 /* AddBeverageIntentUI */;
			targetProxy = 01490CB9278A020B00655379 /* PBXContainerItemProxy */;
		};
		01490CBD278A020B00655379 /* PBXTargetDependency */ = {
			isa = PBXTargetDependency;
			target = 01490CA5278A020B00655379 /* AddBeverageIntent */;
			targetProxy = 01490CBC278A020B00655379 /* PBXContainerItemProxy */;
		};
/* End PBXTargetDependency section */

/* Begin PBXVariantGroup section */
		01490CB5278A020B00655379 /* MainInterface.storyboard */ = {
			isa = PBXVariantGroup;
			children = (
				01490CB6278A020B00655379 /* Base */,
			);
			name = MainInterface.storyboard;
			sourceTree = "<group>";
		};
/* End PBXVariantGroup section */

/* Begin XCBuildConfiguration section */
		01490CBF278A020B00655379 /* Debug */ = {
			isa = XCBuildConfiguration;
			buildSettings = {
				CODE_SIGN_ENTITLEMENTS = AddBeverageIntent/AddBeverageIntent.entitlements;
				CODE_SIGN_STYLE = Automatic;
				CURRENT_PROJECT_VERSION = 1;
				DEVELOPMENT_TEAM = L997WUKPVM;
				GENERATE_INFOPLIST_FILE = YES;
				INFOPLIST_FILE = AddBeverageIntent/Info.plist;
				INFOPLIST_KEY_CFBundleDisplayName = AddBeverageIntent;
				INFOPLIST_KEY_NSHumanReadableCopyright = "";
				LD_RUNPATH_SEARCH_PATHS = (
					"$(inherited)",
					"@executable_path/Frameworks",
					"@executable_path/../../Frameworks",
				);
				MARKETING_VERSION = 1.0;
				PRODUCT_BUNDLE_IDENTIFIER = com.foftring.HiBooze.AddBeverageIntent;
				PRODUCT_NAME = "$(TARGET_NAME)";
				SKIP_INSTALL = YES;
				SWIFT_EMIT_LOC_STRINGS = YES;
				SWIFT_VERSION = 5.0;
				TARGETED_DEVICE_FAMILY = "1,2";
			};
			name = Debug;
		};
		01490CC0278A020B00655379 /* Release */ = {
			isa = XCBuildConfiguration;
			buildSettings = {
				CODE_SIGN_ENTITLEMENTS = AddBeverageIntent/AddBeverageIntent.entitlements;
				CODE_SIGN_STYLE = Automatic;
				CURRENT_PROJECT_VERSION = 1;
				DEVELOPMENT_TEAM = L997WUKPVM;
				GENERATE_INFOPLIST_FILE = YES;
				INFOPLIST_FILE = AddBeverageIntent/Info.plist;
				INFOPLIST_KEY_CFBundleDisplayName = AddBeverageIntent;
				INFOPLIST_KEY_NSHumanReadableCopyright = "";
				LD_RUNPATH_SEARCH_PATHS = (
					"$(inherited)",
					"@executable_path/Frameworks",
					"@executable_path/../../Frameworks",
				);
				MARKETING_VERSION = 1.0;
				PRODUCT_BUNDLE_IDENTIFIER = com.foftring.HiBooze.AddBeverageIntent;
				PRODUCT_NAME = "$(TARGET_NAME)";
				SKIP_INSTALL = YES;
				SWIFT_EMIT_LOC_STRINGS = YES;
				SWIFT_VERSION = 5.0;
				TARGETED_DEVICE_FAMILY = "1,2";
			};
			name = Release;
		};
		01490CC1278A020B00655379 /* Debug */ = {
			isa = XCBuildConfiguration;
			buildSettings = {
				CODE_SIGN_STYLE = Automatic;
				CURRENT_PROJECT_VERSION = 1;
				DEVELOPMENT_TEAM = L997WUKPVM;
				GENERATE_INFOPLIST_FILE = YES;
				INFOPLIST_FILE = AddBeverageIntentUI/Info.plist;
				INFOPLIST_KEY_CFBundleDisplayName = AddBeverageIntentUI;
				INFOPLIST_KEY_NSHumanReadableCopyright = "";
				LD_RUNPATH_SEARCH_PATHS = (
					"$(inherited)",
					"@executable_path/Frameworks",
					"@executable_path/../../Frameworks",
				);
				MARKETING_VERSION = 1.0;
				PRODUCT_BUNDLE_IDENTIFIER = com.foftring.HiBooze.AddBeverageIntentUI;
				PRODUCT_NAME = "$(TARGET_NAME)";
				SKIP_INSTALL = YES;
				SWIFT_EMIT_LOC_STRINGS = YES;
				SWIFT_VERSION = 5.0;
				TARGETED_DEVICE_FAMILY = "1,2";
			};
			name = Debug;
		};
		01490CC2278A020B00655379 /* Release */ = {
			isa = XCBuildConfiguration;
			buildSettings = {
				CODE_SIGN_STYLE = Automatic;
				CURRENT_PROJECT_VERSION = 1;
				DEVELOPMENT_TEAM = L997WUKPVM;
				GENERATE_INFOPLIST_FILE = YES;
				INFOPLIST_FILE = AddBeverageIntentUI/Info.plist;
				INFOPLIST_KEY_CFBundleDisplayName = AddBeverageIntentUI;
				INFOPLIST_KEY_NSHumanReadableCopyright = "";
				LD_RUNPATH_SEARCH_PATHS = (
					"$(inherited)",
					"@executable_path/Frameworks",
					"@executable_path/../../Frameworks",
				);
				MARKETING_VERSION = 1.0;
				PRODUCT_BUNDLE_IDENTIFIER = com.foftring.HiBooze.AddBeverageIntentUI;
				PRODUCT_NAME = "$(TARGET_NAME)";
				SKIP_INSTALL = YES;
				SWIFT_EMIT_LOC_STRINGS = YES;
				SWIFT_VERSION = 5.0;
				TARGETED_DEVICE_FAMILY = "1,2";
			};
			name = Release;
		};
		018116D7277A9EB30090BF7F /* Debug */ = {
			isa = XCBuildConfiguration;
			buildSettings = {
				ALWAYS_SEARCH_USER_PATHS = NO;
				CLANG_ANALYZER_NONNULL = YES;
				CLANG_ANALYZER_NUMBER_OBJECT_CONVERSION = YES_AGGRESSIVE;
				CLANG_CXX_LANGUAGE_STANDARD = "gnu++17";
				CLANG_CXX_LIBRARY = "libc++";
				CLANG_ENABLE_MODULES = YES;
				CLANG_ENABLE_OBJC_ARC = YES;
				CLANG_ENABLE_OBJC_WEAK = YES;
				CLANG_WARN_BLOCK_CAPTURE_AUTORELEASING = YES;
				CLANG_WARN_BOOL_CONVERSION = YES;
				CLANG_WARN_COMMA = YES;
				CLANG_WARN_CONSTANT_CONVERSION = YES;
				CLANG_WARN_DEPRECATED_OBJC_IMPLEMENTATIONS = YES;
				CLANG_WARN_DIRECT_OBJC_ISA_USAGE = YES_ERROR;
				CLANG_WARN_DOCUMENTATION_COMMENTS = YES;
				CLANG_WARN_EMPTY_BODY = YES;
				CLANG_WARN_ENUM_CONVERSION = YES;
				CLANG_WARN_INFINITE_RECURSION = YES;
				CLANG_WARN_INT_CONVERSION = YES;
				CLANG_WARN_NON_LITERAL_NULL_CONVERSION = YES;
				CLANG_WARN_OBJC_IMPLICIT_RETAIN_SELF = YES;
				CLANG_WARN_OBJC_LITERAL_CONVERSION = YES;
				CLANG_WARN_OBJC_ROOT_CLASS = YES_ERROR;
				CLANG_WARN_QUOTED_INCLUDE_IN_FRAMEWORK_HEADER = YES;
				CLANG_WARN_RANGE_LOOP_ANALYSIS = YES;
				CLANG_WARN_STRICT_PROTOTYPES = YES;
				CLANG_WARN_SUSPICIOUS_MOVE = YES;
				CLANG_WARN_UNGUARDED_AVAILABILITY = YES_AGGRESSIVE;
				CLANG_WARN_UNREACHABLE_CODE = YES;
				CLANG_WARN__DUPLICATE_METHOD_MATCH = YES;
				COPY_PHASE_STRIP = NO;
				DEBUG_INFORMATION_FORMAT = dwarf;
				ENABLE_STRICT_OBJC_MSGSEND = YES;
				ENABLE_TESTABILITY = YES;
				GCC_C_LANGUAGE_STANDARD = gnu11;
				GCC_DYNAMIC_NO_PIC = NO;
				GCC_NO_COMMON_BLOCKS = YES;
				GCC_OPTIMIZATION_LEVEL = 0;
				GCC_PREPROCESSOR_DEFINITIONS = (
					"DEBUG=1",
					"$(inherited)",
				);
				GCC_WARN_64_TO_32_BIT_CONVERSION = YES;
				GCC_WARN_ABOUT_RETURN_TYPE = YES_ERROR;
				GCC_WARN_UNDECLARED_SELECTOR = YES;
				GCC_WARN_UNINITIALIZED_AUTOS = YES_AGGRESSIVE;
				GCC_WARN_UNUSED_FUNCTION = YES;
				GCC_WARN_UNUSED_VARIABLE = YES;
				IPHONEOS_DEPLOYMENT_TARGET = 15.2;
				MTL_ENABLE_DEBUG_INFO = INCLUDE_SOURCE;
				MTL_FAST_MATH = YES;
				ONLY_ACTIVE_ARCH = YES;
				SDKROOT = iphoneos;
				SWIFT_ACTIVE_COMPILATION_CONDITIONS = DEBUG;
				SWIFT_OPTIMIZATION_LEVEL = "-Onone";
			};
			name = Debug;
		};
		018116D8277A9EB30090BF7F /* Release */ = {
			isa = XCBuildConfiguration;
			buildSettings = {
				ALWAYS_SEARCH_USER_PATHS = NO;
				CLANG_ANALYZER_NONNULL = YES;
				CLANG_ANALYZER_NUMBER_OBJECT_CONVERSION = YES_AGGRESSIVE;
				CLANG_CXX_LANGUAGE_STANDARD = "gnu++17";
				CLANG_CXX_LIBRARY = "libc++";
				CLANG_ENABLE_MODULES = YES;
				CLANG_ENABLE_OBJC_ARC = YES;
				CLANG_ENABLE_OBJC_WEAK = YES;
				CLANG_WARN_BLOCK_CAPTURE_AUTORELEASING = YES;
				CLANG_WARN_BOOL_CONVERSION = YES;
				CLANG_WARN_COMMA = YES;
				CLANG_WARN_CONSTANT_CONVERSION = YES;
				CLANG_WARN_DEPRECATED_OBJC_IMPLEMENTATIONS = YES;
				CLANG_WARN_DIRECT_OBJC_ISA_USAGE = YES_ERROR;
				CLANG_WARN_DOCUMENTATION_COMMENTS = YES;
				CLANG_WARN_EMPTY_BODY = YES;
				CLANG_WARN_ENUM_CONVERSION = YES;
				CLANG_WARN_INFINITE_RECURSION = YES;
				CLANG_WARN_INT_CONVERSION = YES;
				CLANG_WARN_NON_LITERAL_NULL_CONVERSION = YES;
				CLANG_WARN_OBJC_IMPLICIT_RETAIN_SELF = YES;
				CLANG_WARN_OBJC_LITERAL_CONVERSION = YES;
				CLANG_WARN_OBJC_ROOT_CLASS = YES_ERROR;
				CLANG_WARN_QUOTED_INCLUDE_IN_FRAMEWORK_HEADER = YES;
				CLANG_WARN_RANGE_LOOP_ANALYSIS = YES;
				CLANG_WARN_STRICT_PROTOTYPES = YES;
				CLANG_WARN_SUSPICIOUS_MOVE = YES;
				CLANG_WARN_UNGUARDED_AVAILABILITY = YES_AGGRESSIVE;
				CLANG_WARN_UNREACHABLE_CODE = YES;
				CLANG_WARN__DUPLICATE_METHOD_MATCH = YES;
				COPY_PHASE_STRIP = NO;
				DEBUG_INFORMATION_FORMAT = "dwarf-with-dsym";
				ENABLE_NS_ASSERTIONS = NO;
				ENABLE_STRICT_OBJC_MSGSEND = YES;
				GCC_C_LANGUAGE_STANDARD = gnu11;
				GCC_NO_COMMON_BLOCKS = YES;
				GCC_WARN_64_TO_32_BIT_CONVERSION = YES;
				GCC_WARN_ABOUT_RETURN_TYPE = YES_ERROR;
				GCC_WARN_UNDECLARED_SELECTOR = YES;
				GCC_WARN_UNINITIALIZED_AUTOS = YES_AGGRESSIVE;
				GCC_WARN_UNUSED_FUNCTION = YES;
				GCC_WARN_UNUSED_VARIABLE = YES;
				IPHONEOS_DEPLOYMENT_TARGET = 15.2;
				MTL_ENABLE_DEBUG_INFO = NO;
				MTL_FAST_MATH = YES;
				SDKROOT = iphoneos;
				SWIFT_COMPILATION_MODE = wholemodule;
				SWIFT_OPTIMIZATION_LEVEL = "-O";
				VALIDATE_PRODUCT = YES;
			};
			name = Release;
		};
		018116DA277A9EB30090BF7F /* Debug */ = {
			isa = XCBuildConfiguration;
			buildSettings = {
				ALWAYS_EMBED_SWIFT_STANDARD_LIBRARIES = YES;
				ASSETCATALOG_COMPILER_APPICON_NAME = AppIcon;
				ASSETCATALOG_COMPILER_GLOBAL_ACCENT_COLOR_NAME = AccentColor;
				CODE_SIGN_ENTITLEMENTS = HiBooze/HiBooze.entitlements;
				CODE_SIGN_STYLE = Automatic;
				CURRENT_PROJECT_VERSION = 1;
				DEVELOPMENT_ASSET_PATHS = "\"HiBooze/Preview Content\"";
				DEVELOPMENT_TEAM = L997WUKPVM;
				ENABLE_PREVIEWS = YES;
				GENERATE_INFOPLIST_FILE = YES;
				INFOPLIST_FILE = HiBooze/Info.plist;
				INFOPLIST_KEY_NSHealthShareUsageDescription = "This app requires access to your health data so that it can track alcoholic drinks and calories.";
				INFOPLIST_KEY_NSHealthUpdateUsageDescription = "This app requires access to your health data so that it can track alcoholic drinks and calories.";
				INFOPLIST_KEY_NSSiriUsageDescription = "Use Siri to enable SiriShortcuts";
				INFOPLIST_KEY_UIApplicationSceneManifest_Generation = YES;
				INFOPLIST_KEY_UIApplicationSupportsIndirectInputEvents = YES;
				INFOPLIST_KEY_UILaunchScreen_Generation = YES;
				INFOPLIST_KEY_UISupportedInterfaceOrientations_iPad = "UIInterfaceOrientationPortrait UIInterfaceOrientationPortraitUpsideDown UIInterfaceOrientationLandscapeLeft UIInterfaceOrientationLandscapeRight";
				INFOPLIST_KEY_UISupportedInterfaceOrientations_iPhone = "UIInterfaceOrientationPortrait UIInterfaceOrientationLandscapeLeft UIInterfaceOrientationLandscapeRight";
				LD_RUNPATH_SEARCH_PATHS = (
					"$(inherited)",
					"@executable_path/Frameworks",
				);
				MARKETING_VERSION = 1.0;
				PRODUCT_BUNDLE_IDENTIFIER = com.foftring.HiBooze;
				PRODUCT_NAME = "$(TARGET_NAME)";
				SWIFT_EMIT_LOC_STRINGS = YES;
				SWIFT_VERSION = 5.0;
				TARGETED_DEVICE_FAMILY = "1,2";
			};
			name = Debug;
		};
		018116DB277A9EB30090BF7F /* Release */ = {
			isa = XCBuildConfiguration;
			buildSettings = {
				ALWAYS_EMBED_SWIFT_STANDARD_LIBRARIES = YES;
				ASSETCATALOG_COMPILER_APPICON_NAME = AppIcon;
				ASSETCATALOG_COMPILER_GLOBAL_ACCENT_COLOR_NAME = AccentColor;
				CODE_SIGN_ENTITLEMENTS = HiBooze/HiBooze.entitlements;
				CODE_SIGN_STYLE = Automatic;
				CURRENT_PROJECT_VERSION = 1;
				DEVELOPMENT_ASSET_PATHS = "\"HiBooze/Preview Content\"";
				DEVELOPMENT_TEAM = L997WUKPVM;
				ENABLE_PREVIEWS = YES;
				GENERATE_INFOPLIST_FILE = YES;
				INFOPLIST_FILE = HiBooze/Info.plist;
				INFOPLIST_KEY_NSHealthShareUsageDescription = "This app requires access to your health data so that it can track alcoholic drinks and calories.";
				INFOPLIST_KEY_NSHealthUpdateUsageDescription = "This app requires access to your health data so that it can track alcoholic drinks and calories.";
				INFOPLIST_KEY_NSSiriUsageDescription = "Use Siri to enable SiriShortcuts";
				INFOPLIST_KEY_UIApplicationSceneManifest_Generation = YES;
				INFOPLIST_KEY_UIApplicationSupportsIndirectInputEvents = YES;
				INFOPLIST_KEY_UILaunchScreen_Generation = YES;
				INFOPLIST_KEY_UISupportedInterfaceOrientations_iPad = "UIInterfaceOrientationPortrait UIInterfaceOrientationPortraitUpsideDown UIInterfaceOrientationLandscapeLeft UIInterfaceOrientationLandscapeRight";
				INFOPLIST_KEY_UISupportedInterfaceOrientations_iPhone = "UIInterfaceOrientationPortrait UIInterfaceOrientationLandscapeLeft UIInterfaceOrientationLandscapeRight";
				LD_RUNPATH_SEARCH_PATHS = (
					"$(inherited)",
					"@executable_path/Frameworks",
				);
				MARKETING_VERSION = 1.0;
				PRODUCT_BUNDLE_IDENTIFIER = com.foftring.HiBooze;
				PRODUCT_NAME = "$(TARGET_NAME)";
				SWIFT_EMIT_LOC_STRINGS = YES;
				SWIFT_VERSION = 5.0;
				TARGETED_DEVICE_FAMILY = "1,2";
			};
			name = Release;
		};
/* End XCBuildConfiguration section */

/* Begin XCConfigurationList section */
		01490CC3278A020B00655379 /* Build configuration list for PBXNativeTarget "AddBeverageIntentUI" */ = {
			isa = XCConfigurationList;
			buildConfigurations = (
				01490CC1278A020B00655379 /* Debug */,
				01490CC2278A020B00655379 /* Release */,
			);
			defaultConfigurationIsVisible = 0;
			defaultConfigurationName = Release;
		};
		01490CC4278A020B00655379 /* Build configuration list for PBXNativeTarget "AddBeverageIntent" */ = {
			isa = XCConfigurationList;
			buildConfigurations = (
				01490CBF278A020B00655379 /* Debug */,
				01490CC0278A020B00655379 /* Release */,
			);
			defaultConfigurationIsVisible = 0;
			defaultConfigurationName = Release;
		};
		018116C6277A9EB10090BF7F /* Build configuration list for PBXProject "HiBooze" */ = {
			isa = XCConfigurationList;
			buildConfigurations = (
				018116D7277A9EB30090BF7F /* Debug */,
				018116D8277A9EB30090BF7F /* Release */,
			);
			defaultConfigurationIsVisible = 0;
			defaultConfigurationName = Release;
		};
		018116D9277A9EB30090BF7F /* Build configuration list for PBXNativeTarget "HiBooze" */ = {
			isa = XCConfigurationList;
			buildConfigurations = (
				018116DA277A9EB30090BF7F /* Debug */,
				018116DB277A9EB30090BF7F /* Release */,
			);
			defaultConfigurationIsVisible = 0;
			defaultConfigurationName = Release;
		};
/* End XCConfigurationList section */

/* Begin XCVersionGroup section */
		01982E56277B41640065A9D6 /* Beverages.xcdatamodeld */ = {
			isa = XCVersionGroup;
			children = (
				01982E57277B41640065A9D6 /* Beverages.xcdatamodel */,
			);
			currentVersion = 01982E57277B41640065A9D6 /* Beverages.xcdatamodel */;
			path = Beverages.xcdatamodeld;
			sourceTree = "<group>";
			versionGroupType = wrapper.xcdatamodel;
		};
/* End XCVersionGroup section */
	};
	rootObject = 018116C3277A9EB10090BF7F /* Project object */;
}
